
Microsoft Visual Studio Solution File, Format Version 12.00
# Visual Studio Version 17
VisualStudioVersion = 17.0.31903.59
MinimumVisualStudioVersion = 10.0.40219.1
Project("{2150E333-8FDC-42A3-9474-1A3956D46DE8}") = "src", "src", "{827E0CD3-B72D-47B6-A68D-7590B98EB39B}"
EndProject
Project("{FAE04EC0-301F-11D3-BF4B-00C04F79EFBC}") = "RestaurantSystem.Domain", "src\RestaurantSystem.Domain\RestaurantSystem.Domain.csproj", "{EF16CBFB-0127-4125-8B1C-D69980207545}"
EndProject
Project("{FAE04EC0-301F-11D3-BF4B-00C04F79EFBC}") = "RestaurantSystem.Infrastructure", "src\RestaurantSystem.Infrastructure\RestaurantSystem.Infrastructure.csproj", "{AAC7500B-9893-4051-BF44-7BAC9226D2CA}"
EndProject
Project("{FAE04EC0-301F-11D3-BF4B-00C04F79EFBC}") = "RestaurantSystem.Application", "src\RestaurantSystem.Application\RestaurantSystem.Application.csproj", "{E37706C7-2A19-4FF2-B2F7-AD3274C71054}"
EndProject
Project("{FAE04EC0-301F-11D3-BF4B-00C04F79EFBC}") = "RestaurantSystem.API", "src\RestaurantSystem.API\RestaurantSystem.API.csproj", "{B8107C87-984F-45E4-B419-D665F6B39251}"
EndProject
Project("{FAE04EC0-301F-11D3-BF4B-00C04F79EFBC}") = "RestaurantSystem.Shared", "src\RestaurantSystem.Shared\RestaurantSystem.Shared.csproj", "{1E76BD76-945A-462C-9284-53C64FF99124}"
EndProject
Global
	GlobalSection(SolutionConfigurationPlatforms) = preSolution
		Debug|Any CPU = Debug|Any CPU
		Debug|x64 = Debug|x64
		Debug|x86 = Debug|x86
		Release|Any CPU = Release|Any CPU
		Release|x64 = Release|x64
		Release|x86 = Release|x86
	EndGlobalSection
	GlobalSection(ProjectConfigurationPlatforms) = postSolution
		{EF16CBFB-0127-4125-8B1C-D69980207545}.Debug|Any CPU.ActiveCfg = Debug|Any CPU
		{EF16CBFB-0127-4125-8B1C-D69980207545}.Debug|Any CPU.Build.0 = Debug|Any CPU
		{EF16CBFB-0127-4125-8B1C-D69980207545}.Debug|x64.ActiveCfg = Debug|Any CPU
		{EF16CBFB-0127-4125-8B1C-D69980207545}.Debug|x64.Build.0 = Debug|Any CPU
		{EF16CBFB-0127-4125-8B1C-D69980207545}.Debug|x86.ActiveCfg = Debug|Any CPU
		{EF16CBFB-0127-4125-8B1C-D69980207545}.Debug|x86.Build.0 = Debug|Any CPU
		{EF16CBFB-0127-4125-8B1C-D69980207545}.Release|Any CPU.ActiveCfg = Release|Any CPU
		{EF16CBFB-0127-4125-8B1C-D69980207545}.Release|Any CPU.Build.0 = Release|Any CPU
		{EF16CBFB-0127-4125-8B1C-D69980207545}.Release|x64.ActiveCfg = Release|Any CPU
		{EF16CBFB-0127-4125-8B1C-D69980207545}.Release|x64.Build.0 = Release|Any CPU
		{EF16CBFB-0127-4125-8B1C-D69980207545}.Release|x86.ActiveCfg = Release|Any CPU
		{EF16CBFB-0127-4125-8B1C-D69980207545}.Release|x86.Build.0 = Release|Any CPU
		{AAC7500B-9893-4051-BF44-7BAC9226D2CA}.Debug|Any CPU.ActiveCfg = Debug|Any CPU
		{AAC7500B-9893-4051-BF44-7BAC9226D2CA}.Debug|Any CPU.Build.0 = Debug|Any CPU
		{AAC7500B-9893-4051-BF44-7BAC9226D2CA}.Debug|x64.ActiveCfg = Debug|Any CPU
		{AAC7500B-9893-4051-BF44-7BAC9226D2CA}.Debug|x64.Build.0 = Debug|Any CPU
		{AAC7500B-9893-4051-BF44-7BAC9226D2CA}.Debug|x86.ActiveCfg = Debug|Any CPU
		{AAC7500B-9893-4051-BF44-7BAC9226D2CA}.Debug|x86.Build.0 = Debug|Any CPU
		{AAC7500B-9893-4051-BF44-7BAC9226D2CA}.Release|Any CPU.ActiveCfg = Release|Any CPU
		{AAC7500B-9893-4051-BF44-7BAC9226D2CA}.Release|Any CPU.Build.0 = Release|Any CPU
		{AAC7500B-9893-4051-BF44-7BAC9226D2CA}.Release|x64.ActiveCfg = Release|Any CPU
		{AAC7500B-9893-4051-BF44-7BAC9226D2CA}.Release|x64.Build.0 = Release|Any CPU
		{AAC7500B-9893-4051-BF44-7BAC9226D2CA}.Release|x86.ActiveCfg = Release|Any CPU
		{AAC7500B-9893-4051-BF44-7BAC9226D2CA}.Release|x86.Build.0 = Release|Any CPU
		{E37706C7-2A19-4FF2-B2F7-AD3274C71054}.Debug|Any CPU.ActiveCfg = Debug|Any CPU
		{E37706C7-2A19-4FF2-B2F7-AD3274C71054}.Debug|Any CPU.Build.0 = Debug|Any CPU
		{E37706C7-2A19-4FF2-B2F7-AD3274C71054}.Debug|x64.ActiveCfg = Debug|Any CPU
		{E37706C7-2A19-4FF2-B2F7-AD3274C71054}.Debug|x64.Build.0 = Debug|Any CPU
		{E37706C7-2A19-4FF2-B2F7-AD3274C71054}.Debug|x86.ActiveCfg = Debug|Any CPU
		{E37706C7-2A19-4FF2-B2F7-AD3274C71054}.Debug|x86.Build.0 = Debug|Any CPU
		{E37706C7-2A19-4FF2-B2F7-AD3274C71054}.Release|Any CPU.ActiveCfg = Release|Any CPU
		{E37706C7-2A19-4FF2-B2F7-AD3274C71054}.Release|Any CPU.Build.0 = Release|Any CPU
		{E37706C7-2A19-4FF2-B2F7-AD3274C71054}.Release|x64.ActiveCfg = Release|Any CPU
		{E37706C7-2A19-4FF2-B2F7-AD3274C71054}.Release|x64.Build.0 = Release|Any CPU
		{E37706C7-2A19-4FF2-B2F7-AD3274C71054}.Release|x86.ActiveCfg = Release|Any CPU
		{E37706C7-2A19-4FF2-B2F7-AD3274C71054}.Release|x86.Build.0 = Release|Any CPU
		{B8107C87-984F-45E4-B419-D665F6B39251}.Debug|Any CPU.ActiveCfg = Debug|Any CPU
		{B8107C87-984F-45E4-B419-D665F6B39251}.Debug|Any CPU.Build.0 = Debug|Any CPU
		{B8107C87-984F-45E4-B419-D665F6B39251}.Debug|x64.ActiveCfg = Debug|Any CPU
		{B8107C87-984F-45E4-B419-D665F6B39251}.Debug|x64.Build.0 = Debug|Any CPU
		{B8107C87-984F-45E4-B419-D665F6B39251}.Debug|x86.ActiveCfg = Debug|Any CPU
		{B8107C87-984F-45E4-B419-D665F6B39251}.Debug|x86.Build.0 = Debug|Any CPU
		{B8107C87-984F-45E4-B419-D665F6B39251}.Release|Any CPU.ActiveCfg = Release|Any CPU
		{B8107C87-984F-45E4-B419-D665F6B39251}.Release|Any CPU.Build.0 = Release|Any CPU
		{B8107C87-984F-45E4-B419-D665F6B39251}.Release|x64.ActiveCfg = Release|Any CPU
		{B8107C87-984F-45E4-B419-D665F6B39251}.Release|x64.Build.0 = Release|Any CPU
		{B8107C87-984F-45E4-B419-D665F6B39251}.Release|x86.ActiveCfg = Release|Any CPU
		{B8107C87-984F-45E4-B419-D665F6B39251}.Release|x86.Build.0 = Release|Any CPU
		{1E76BD76-945A-462C-9284-53C64FF99124}.Debug|Any CPU.ActiveCfg = Debug|Any CPU
		{1E76BD76-945A-462C-9284-53C64FF99124}.Debug|Any CPU.Build.0 = Debug|Any CPU
		{1E76BD76-945A-462C-9284-53C64FF99124}.Debug|x64.ActiveCfg = Debug|Any CPU
		{1E76BD76-945A-462C-9284-53C64FF99124}.Debug|x64.Build.0 = Debug|Any CPU
		{1E76BD76-945A-462C-9284-53C64FF99124}.Debug|x86.ActiveCfg = Debug|Any CPU
		{1E76BD76-945A-462C-9284-53C64FF99124}.Debug|x86.Build.0 = Debug|Any CPU
		{1E76BD76-945A-462C-9284-53C64FF99124}.Release|Any CPU.ActiveCfg = Release|Any CPU
		{1E76BD76-945A-462C-9284-53C64FF99124}.Release|Any CPU.Build.0 = Release|Any CPU
		{1E76BD76-945A-462C-9284-53C64FF99124}.Release|x64.ActiveCfg = Release|Any CPU
		{1E76BD76-945A-462C-9284-53C64FF99124}.Release|x64.Build.0 = Release|Any CPU
		{1E76BD76-945A-462C-9284-53C64FF99124}.Release|x86.ActiveCfg = Release|Any CPU
		{1E76BD76-945A-462C-9284-53C64FF99124}.Release|x86.Build.0 = Release|Any CPU
	EndGlobalSection
	GlobalSection(SolutionProperties) = preSolution
		HideSolutionNode = FALSE
	EndGlobalSection
	GlobalSection(NestedProjects) = preSolution
		{EF16CBFB-0127-4125-8B1C-D69980207545} = {827E0CD3-B72D-47B6-A68D-7590B98EB39B}
		{AAC7500B-9893-4051-BF44-7BAC9226D2CA} = {827E0CD3-B72D-47B6-A68D-7590B98EB39B}
		{E37706C7-2A19-4FF2-B2F7-AD3274C71054} = {827E0CD3-B72D-47B6-A68D-7590B98EB39B}
		{B8107C87-984F-45E4-B419-D665F6B39251} = {827E0CD3-B72D-47B6-A68D-7590B98EB39B}
		{1E76BD76-945A-462C-9284-53C64FF99124} = {827E0CD3-B72D-47B6-A68D-7590B98EB39B}
	EndGlobalSection
EndGlobal
